
Microsoft Visual Studio Solution File, Format Version 12.00
# Visual Studio Version 16
VisualStudioVersion = 16.0.28922.388
MinimumVisualStudioVersion = 10.0.40219.1
Project("{2150E333-8FDC-42A3-9474-1A3956D46DE8}") = "Src", "Src", "{1AD85FB8-A5BB-4FDF-94FE-6ADC51362013}"
EndProject
Project("{2150E333-8FDC-42A3-9474-1A3956D46DE8}") = "Tests", "Tests", "{7622C661-3DF4-4635-8DB8-E09BD38288C9}"
EndProject
Project("{9A19103F-16F7-4668-BE54-9A1E7A4F7556}") = "Service.Api", "Src\Service.Api\Service.Api.csproj", "{33EB80EC-7037-4FC3-9745-95778EDBA7E4}"
EndProject
Project("{9A19103F-16F7-4668-BE54-9A1E7A4F7556}") = "Service.Api.Tests", "Tests\Service.Api.Tests\Service.Api.Tests.csproj", "{B8E6B0D8-CFE5-4DAF-A6C5-F1EEDB2E418A}"
EndProject
Project("{9A19103F-16F7-4668-BE54-9A1E7A4F7556}") = "ServiceName.Sdk", "Src\ServiceName.Sdk\ServiceName.Sdk.csproj", "{2DCE370F-EB8E-42DC-9AD3-2653D8CBFE1D}"
EndProject
Project("{2150E333-8FDC-42A3-9474-1A3956D46DE8}") = "Solution Items", "Solution Items", "{34159BF6-B8FA-42B7-80F5-F180A6CFB032}"
	ProjectSection(SolutionItems) = preProject
		.editorconfig = .editorconfig
		azure-pipelines.yml = azure-pipelines.yml
		tools\build.cake = tools\build.cake
		tools\docker-compose-infra.yml = tools\docker-compose-infra.yml
		tools\LoadTest.jmx = tools\LoadTest.jmx
		readme.md = readme.md
		tools\ServiceName.yaml = tools\ServiceName.yaml
	EndProjectSection
EndProject
Project("{E53339B2-1760-4266-BCC7-CA923CBCF16C}") = "docker-compose", "docker-compose.dcproj", "{CB4B78A9-0A71-4B8E-ABEB-C37263F0721A}"
EndProject
Project("{9A19103F-16F7-4668-BE54-9A1E7A4F7556}") = "Service.Infra", "Src\Service.Infra\Service.Infra.csproj", "{457905BE-31CF-4247-BF69-AA0BB337A190}"
EndProject
Project("{9A19103F-16F7-4668-BE54-9A1E7A4F7556}") = "Service.Domain", "Src\Service.Domain\Service.Domain.csproj", "{34EE7CA5-A76F-4831-A1E5-1967643A470E}"
EndProject
Project("{9A19103F-16F7-4668-BE54-9A1E7A4F7556}") = "Service.Integration.Tests", "Tests\Service.Integration.Tests\Service.Integration.Tests.csproj", "{F21DAE72-25E5-4A78-9CF6-5C1E8EFAFACE}"
EndProject
Project("{FAE04EC0-301F-11D3-BF4B-00C04F79EFBC}") = "Service.Contract.Tests", "Tests\Service.Contract.Tests\Service.Contract.Tests.csproj", "{7C059477-8983-4365-8CE3-B966CE6ECC8C}"
EndProject
Global
	GlobalSection(SolutionConfigurationPlatforms) = preSolution
		Debug|Any CPU = Debug|Any CPU
		Release|Any CPU = Release|Any CPU
	EndGlobalSection
	GlobalSection(ProjectConfigurationPlatforms) = postSolution
		{33EB80EC-7037-4FC3-9745-95778EDBA7E4}.Debug|Any CPU.ActiveCfg = Debug|Any CPU
		{33EB80EC-7037-4FC3-9745-95778EDBA7E4}.Debug|Any CPU.Build.0 = Debug|Any CPU
		{33EB80EC-7037-4FC3-9745-95778EDBA7E4}.Release|Any CPU.ActiveCfg = Release|Any CPU
		{33EB80EC-7037-4FC3-9745-95778EDBA7E4}.Release|Any CPU.Build.0 = Release|Any CPU
		{B8E6B0D8-CFE5-4DAF-A6C5-F1EEDB2E418A}.Debug|Any CPU.ActiveCfg = Debug|Any CPU
		{B8E6B0D8-CFE5-4DAF-A6C5-F1EEDB2E418A}.Debug|Any CPU.Build.0 = Debug|Any CPU
		{B8E6B0D8-CFE5-4DAF-A6C5-F1EEDB2E418A}.Release|Any CPU.ActiveCfg = Release|Any CPU
		{B8E6B0D8-CFE5-4DAF-A6C5-F1EEDB2E418A}.Release|Any CPU.Build.0 = Release|Any CPU
		{2DCE370F-EB8E-42DC-9AD3-2653D8CBFE1D}.Debug|Any CPU.ActiveCfg = Debug|Any CPU
		{2DCE370F-EB8E-42DC-9AD3-2653D8CBFE1D}.Debug|Any CPU.Build.0 = Debug|Any CPU
		{2DCE370F-EB8E-42DC-9AD3-2653D8CBFE1D}.Release|Any CPU.ActiveCfg = Release|Any CPU
		{2DCE370F-EB8E-42DC-9AD3-2653D8CBFE1D}.Release|Any CPU.Build.0 = Release|Any CPU
		{CB4B78A9-0A71-4B8E-ABEB-C37263F0721A}.Debug|Any CPU.ActiveCfg = Debug|Any CPU
		{CB4B78A9-0A71-4B8E-ABEB-C37263F0721A}.Debug|Any CPU.Build.0 = Debug|Any CPU
		{CB4B78A9-0A71-4B8E-ABEB-C37263F0721A}.Release|Any CPU.ActiveCfg = Release|Any CPU
		{CB4B78A9-0A71-4B8E-ABEB-C37263F0721A}.Release|Any CPU.Build.0 = Release|Any CPU
		{457905BE-31CF-4247-BF69-AA0BB337A190}.Debug|Any CPU.ActiveCfg = Debug|Any CPU
		{457905BE-31CF-4247-BF69-AA0BB337A190}.Debug|Any CPU.Build.0 = Debug|Any CPU
		{457905BE-31CF-4247-BF69-AA0BB337A190}.Release|Any CPU.ActiveCfg = Release|Any CPU
		{457905BE-31CF-4247-BF69-AA0BB337A190}.Release|Any CPU.Build.0 = Release|Any CPU
		{34EE7CA5-A76F-4831-A1E5-1967643A470E}.Debug|Any CPU.ActiveCfg = Debug|Any CPU
		{34EE7CA5-A76F-4831-A1E5-1967643A470E}.Debug|Any CPU.Build.0 = Debug|Any CPU
		{34EE7CA5-A76F-4831-A1E5-1967643A470E}.Release|Any CPU.ActiveCfg = Release|Any CPU
		{34EE7CA5-A76F-4831-A1E5-1967643A470E}.Release|Any CPU.Build.0 = Release|Any CPU
		{F21DAE72-25E5-4A78-9CF6-5C1E8EFAFACE}.Debug|Any CPU.ActiveCfg = Debug|Any CPU
		{F21DAE72-25E5-4A78-9CF6-5C1E8EFAFACE}.Debug|Any CPU.Build.0 = Debug|Any CPU
		{F21DAE72-25E5-4A78-9CF6-5C1E8EFAFACE}.Release|Any CPU.ActiveCfg = Release|Any CPU
		{F21DAE72-25E5-4A78-9CF6-5C1E8EFAFACE}.Release|Any CPU.Build.0 = Release|Any CPU
		{7C059477-8983-4365-8CE3-B966CE6ECC8C}.Debug|Any CPU.ActiveCfg = Debug|Any CPU
		{7C059477-8983-4365-8CE3-B966CE6ECC8C}.Debug|Any CPU.Build.0 = Debug|Any CPU
		{7C059477-8983-4365-8CE3-B966CE6ECC8C}.Release|Any CPU.ActiveCfg = Release|Any CPU
		{7C059477-8983-4365-8CE3-B966CE6ECC8C}.Release|Any CPU.Build.0 = Release|Any CPU
	EndGlobalSection
	GlobalSection(SolutionProperties) = preSolution
		HideSolutionNode = FALSE
	EndGlobalSection
	GlobalSection(NestedProjects) = preSolution
		{33EB80EC-7037-4FC3-9745-95778EDBA7E4} = {1AD85FB8-A5BB-4FDF-94FE-6ADC51362013}
		{B8E6B0D8-CFE5-4DAF-A6C5-F1EEDB2E418A} = {7622C661-3DF4-4635-8DB8-E09BD38288C9}
		{2DCE370F-EB8E-42DC-9AD3-2653D8CBFE1D} = {1AD85FB8-A5BB-4FDF-94FE-6ADC51362013}
		{CB4B78A9-0A71-4B8E-ABEB-C37263F0721A} = {1AD85FB8-A5BB-4FDF-94FE-6ADC51362013}
		{457905BE-31CF-4247-BF69-AA0BB337A190} = {1AD85FB8-A5BB-4FDF-94FE-6ADC51362013}
		{34EE7CA5-A76F-4831-A1E5-1967643A470E} = {1AD85FB8-A5BB-4FDF-94FE-6ADC51362013}
		{F21DAE72-25E5-4A78-9CF6-5C1E8EFAFACE} = {7622C661-3DF4-4635-8DB8-E09BD38288C9}
		{7C059477-8983-4365-8CE3-B966CE6ECC8C} = {7622C661-3DF4-4635-8DB8-E09BD38288C9}
	EndGlobalSection
	GlobalSection(ExtensibilityGlobals) = postSolution
		SolutionGuid = {3EA3D0CE-7047-4082-8C94-147343E5E53E}
	EndGlobalSection
EndGlobal
